
Microsoft Visual Studio Solution File, Format Version 12.00
# Visual Studio Version 17
VisualStudioVersion = 17.5.33502.453
MinimumVisualStudioVersion = 10.0.40219.1
Project("{FAE04EC0-301F-11D3-BF4B-00C04F79EFBC}") = "ExercicioComposicao02", "ExercicioComposicao02\ExercicioComposicao02.csproj", "{0704B27E-FE7E-45E0-A2BD-FD0273BDDE67}"
EndProject
Global
	GlobalSection(SolutionConfigurationPlatforms) = preSolution
		Debug|Any CPU = Debug|Any CPU
		Release|Any CPU = Release|Any CPU
	EndGlobalSection
	GlobalSection(ProjectConfigurationPlatforms) = postSolution
		{0704B27E-FE7E-45E0-A2BD-FD0273BDDE67}.Debug|Any CPU.ActiveCfg = Debug|Any CPU
		{0704B27E-FE7E-45E0-A2BD-FD0273BDDE67}.Debug|Any CPU.Build.0 = Debug|Any CPU
		{0704B27E-FE7E-45E0-A2BD-FD0273BDDE67}.Release|Any CPU.ActiveCfg = Release|Any CPU
		{0704B27E-FE7E-45E0-A2BD-FD0273BDDE67}.Release|Any CPU.Build.0 = Release|Any CPU
	EndGlobalSection
	GlobalSection(SolutionProperties) = preSolution
		HideSolutionNode = FALSE
	EndGlobalSection
	GlobalSection(ExtensibilityGlobals) = postSolution
		SolutionGuid = {D2CC1E20-E8EC-4D41-BF76-5AA5FD53A24C}
	EndGlobalSection
EndGlobal
