
Microsoft Visual Studio Solution File, Format Version 12.00
# Visual Studio Version 17
VisualStudioVersion = 17.5.33502.453
MinimumVisualStudioVersion = 10.0.40219.1
Project("{FAE04EC0-301F-11D3-BF4B-00C04F79EFBC}") = "ExercicioTreino02", "ExercicioTreino02\ExercicioTreino02.csproj", "{7FBBF2D5-4E95-4423-AFB1-145304A2848A}"
EndProject
Global
	GlobalSection(SolutionConfigurationPlatforms) = preSolution
		Debug|Any CPU = Debug|Any CPU
		Release|Any CPU = Release|Any CPU
	EndGlobalSection
	GlobalSection(ProjectConfigurationPlatforms) = postSolution
		{7FBBF2D5-4E95-4423-AFB1-145304A2848A}.Debug|Any CPU.ActiveCfg = Debug|Any CPU
		{7FBBF2D5-4E95-4423-AFB1-145304A2848A}.Debug|Any CPU.Build.0 = Debug|Any CPU
		{7FBBF2D5-4E95-4423-AFB1-145304A2848A}.Release|Any CPU.ActiveCfg = Release|Any CPU
		{7FBBF2D5-4E95-4423-AFB1-145304A2848A}.Release|Any CPU.Build.0 = Release|Any CPU
	EndGlobalSection
	GlobalSection(SolutionProperties) = preSolution
		HideSolutionNode = FALSE
	EndGlobalSection
	GlobalSection(ExtensibilityGlobals) = postSolution
		SolutionGuid = {D534C3CB-5696-41FB-977B-FC7793BC3595}
	EndGlobalSection
EndGlobal
