
Microsoft Visual Studio Solution File, Format Version 12.00
# Visual Studio Version 17
VisualStudioVersion = 17.5.33502.453
MinimumVisualStudioVersion = 10.0.40219.1
Project("{FAE04EC0-301F-11D3-BF4B-00C04F79EFBC}") = "ExercicioTreino01", "ExercicioTreino01\ExercicioTreino01.csproj", "{71894F50-43BE-4B35-8F05-3C9B063583F0}"
EndProject
Global
	GlobalSection(SolutionConfigurationPlatforms) = preSolution
		Debug|Any CPU = Debug|Any CPU
		Release|Any CPU = Release|Any CPU
	EndGlobalSection
	GlobalSection(ProjectConfigurationPlatforms) = postSolution
		{71894F50-43BE-4B35-8F05-3C9B063583F0}.Debug|Any CPU.ActiveCfg = Debug|Any CPU
		{71894F50-43BE-4B35-8F05-3C9B063583F0}.Debug|Any CPU.Build.0 = Debug|Any CPU
		{71894F50-43BE-4B35-8F05-3C9B063583F0}.Release|Any CPU.ActiveCfg = Release|Any CPU
		{71894F50-43BE-4B35-8F05-3C9B063583F0}.Release|Any CPU.Build.0 = Release|Any CPU
	EndGlobalSection
	GlobalSection(SolutionProperties) = preSolution
		HideSolutionNode = FALSE
	EndGlobalSection
	GlobalSection(ExtensibilityGlobals) = postSolution
		SolutionGuid = {52221F70-0BF3-41FC-BCAD-FEF11A8B93FC}
	EndGlobalSection
EndGlobal
